<Solution>
  <Folder Name="/Tests/">
    <Project Path="Tests/ExpenseTracker.Tests.csproj" />
  </Folder>
  <Project Path="ExpenseTracker.API/ExpenseTracker.API.csproj" />
  <Project Path="ExpenseTracker.Application/ExpenseTracker.Application.csproj" />
  <Project Path="ExpenseTracker.Domain/ExpenseTracker.Domain.csproj" />
  <Project Path="ExpenseTracker.Infrastructure/ExpenseTracker.Infrastructure.csproj" />
</Solution>
